
Microsoft Visual Studio Solution File, Format Version 12.00
# Visual Studio 15
VisualStudioVersion = 15.0.28307.539
MinimumVisualStudioVersion = 10.0.40219.1
Project("{FAE04EC0-301F-11D3-BF4B-00C04F79EFBC}") = "StationeryStore", "StationeryStore\StationeryStore.csproj", "{B0ACE059-9DD1-45CE-99D5-183AE46439AA}"
EndProject
Global
	GlobalSection(SolutionConfigurationPlatforms) = preSolution
		Debug|Any CPU = Debug|Any CPU
		Release|Any CPU = Release|Any CPU
	EndGlobalSection
	GlobalSection(ProjectConfigurationPlatforms) = postSolution
		{B0ACE059-9DD1-45CE-99D5-183AE46439AA}.Debug|Any CPU.ActiveCfg = Debug|Any CPU
		{B0ACE059-9DD1-45CE-99D5-183AE46439AA}.Debug|Any CPU.Build.0 = Debug|Any CPU
		{B0ACE059-9DD1-45CE-99D5-183AE46439AA}.Release|Any CPU.ActiveCfg = Release|Any CPU
		{B0ACE059-9DD1-45CE-99D5-183AE46439AA}.Release|Any CPU.Build.0 = Release|Any CPU
	EndGlobalSection
	GlobalSection(SolutionProperties) = preSolution
		HideSolutionNode = FALSE
	EndGlobalSection
	GlobalSection(ExtensibilityGlobals) = postSolution
		SolutionGuid = {9FD9860C-2F4F-436F-83CE-1F5E65AE81E0}
	EndGlobalSection
EndGlobal
